
Microsoft Visual Studio Solution File, Format Version 12.00
# Visual Studio Version 17
VisualStudioVersion = 17.4.33122.133
MinimumVisualStudioVersion = 10.0.40219.1
Project("{8BC9CEB8-8B4A-11D0-8D11-00A0C91BC942}") = "Exercise 4-7", "Exercise 4-7\Exercise 4-7.vcxproj", "{9F9757F5-BB44-4BCC-A9EB-37E2B0690D13}"
EndProject
Global
	GlobalSection(SolutionConfigurationPlatforms) = preSolution
		Debug|x64 = Debug|x64
		Debug|x86 = Debug|x86
		Release|x64 = Release|x64
		Release|x86 = Release|x86
	EndGlobalSection
	GlobalSection(ProjectConfigurationPlatforms) = postSolution
		{9F9757F5-BB44-4BCC-A9EB-37E2B0690D13}.Debug|x64.ActiveCfg = Debug|x64
		{9F9757F5-BB44-4BCC-A9EB-37E2B0690D13}.Debug|x64.Build.0 = Debug|x64
		{9F9757F5-BB44-4BCC-A9EB-37E2B0690D13}.Debug|x86.ActiveCfg = Debug|Win32
		{9F9757F5-BB44-4BCC-A9EB-37E2B0690D13}.Debug|x86.Build.0 = Debug|Win32
		{9F9757F5-BB44-4BCC-A9EB-37E2B0690D13}.Release|x64.ActiveCfg = Release|x64
		{9F9757F5-BB44-4BCC-A9EB-37E2B0690D13}.Release|x64.Build.0 = Release|x64
		{9F9757F5-BB44-4BCC-A9EB-37E2B0690D13}.Release|x86.ActiveCfg = Release|Win32
		{9F9757F5-BB44-4BCC-A9EB-37E2B0690D13}.Release|x86.Build.0 = Release|Win32
	EndGlobalSection
	GlobalSection(SolutionProperties) = preSolution
		HideSolutionNode = FALSE
	EndGlobalSection
	GlobalSection(ExtensibilityGlobals) = postSolution
		SolutionGuid = {13C1F31A-14CA-4BB8-A535-366263187B4A}
	EndGlobalSection
EndGlobal
