
Microsoft Visual Studio Solution File, Format Version 12.00
# Visual Studio Version 17
VisualStudioVersion = 17.4.33122.133
MinimumVisualStudioVersion = 10.0.40219.1
Project("{8BC9CEB8-8B4A-11D0-8D11-00A0C91BC942}") = "Exercise 5-1", "Exercise 5-1\Exercise 5-1.vcxproj", "{63428468-E08C-4DF2-AF13-61E7CBAE1CDE}"
EndProject
Global
	GlobalSection(SolutionConfigurationPlatforms) = preSolution
		Debug|x64 = Debug|x64
		Debug|x86 = Debug|x86
		Release|x64 = Release|x64
		Release|x86 = Release|x86
	EndGlobalSection
	GlobalSection(ProjectConfigurationPlatforms) = postSolution
		{63428468-E08C-4DF2-AF13-61E7CBAE1CDE}.Debug|x64.ActiveCfg = Debug|x64
		{63428468-E08C-4DF2-AF13-61E7CBAE1CDE}.Debug|x64.Build.0 = Debug|x64
		{63428468-E08C-4DF2-AF13-61E7CBAE1CDE}.Debug|x86.ActiveCfg = Debug|Win32
		{63428468-E08C-4DF2-AF13-61E7CBAE1CDE}.Debug|x86.Build.0 = Debug|Win32
		{63428468-E08C-4DF2-AF13-61E7CBAE1CDE}.Release|x64.ActiveCfg = Release|x64
		{63428468-E08C-4DF2-AF13-61E7CBAE1CDE}.Release|x64.Build.0 = Release|x64
		{63428468-E08C-4DF2-AF13-61E7CBAE1CDE}.Release|x86.ActiveCfg = Release|Win32
		{63428468-E08C-4DF2-AF13-61E7CBAE1CDE}.Release|x86.Build.0 = Release|Win32
	EndGlobalSection
	GlobalSection(SolutionProperties) = preSolution
		HideSolutionNode = FALSE
	EndGlobalSection
	GlobalSection(ExtensibilityGlobals) = postSolution
		SolutionGuid = {ECBFCC48-E849-488D-AA50-5D523608297E}
	EndGlobalSection
EndGlobal
